<Solution>
  <Project Path="Maple.Hook.Abstractions/Maple.Hook.Abstractions.csproj" />
  <Project Path="Maple.Hook.Imp.Dobby.Dynamic/Maple.Hook.Imp.Dobby.Dynamic.csproj" />
  <Project Path="Maple.Hook.Imp.Dobby.Static/Maple.Hook.Imp.Dobby.Static.csproj" />
  <Project Path="Maple.Hook.Imp.Dobby/Maple.Hook.Imp.Dobby.csproj" />
  <Project Path="Maple.Hook.Imp.MinHook/Maple.Hook.Imp.MinHook.csproj" />
  <Project Path="Maple.Hook/Maple.Hook.csproj" />
</Solution>
